# This file is automatically @generated by Cargo.
# It is not intended for manual editing.
version = 4

[[package]]
name = "pq-core"
version = "0.1.0"

[[package]]
name = "pq-examples-sync"
version = "0.1.0"
dependencies = [
 "pq-sync",
]

[[package]]
name = "pq-fair"
version = "0.1.0"
dependencies = [
 "pq-core",
]

[[package]]
name = "pq-sync"
version = "0.1.0"
dependencies = [
 "pq-core",
 "pq-fair",
]
